<?xml version="1.0" encoding="utf-8"?>
<Project ToolsVersion="4.0" xmlns="http://schemas.microsoft.com/developer/msbuild/2003">
  <ItemGroup>
    <Filter Include="Core">
      <UniqueIdentifier>{11d53e83-cb4a-4d38-99ae-8d298051a5a6}</UniqueIdentifier>
    </Filter>
    <Filter Include="GameObjects">
      <UniqueIdentifier>{8a179deb-aec9-48d8-8787-ad8ea8af4362}</UniqueIdentifier>
    </Filter>
    <Filter Include="GameObjects\AddisionalTypes">
      <UniqueIdentifier>{cf6bd629-9c31-45fc-a3cf-4304654f0622}</UniqueIdentifier>
    </Filter>
    <Filter Include="GameObjects\AddisionalTypes\Colliders">
      <UniqueIdentifier>{79302c63-36f1-4023-9920-7b11c3968782}</UniqueIdentifier>
    </Filter>
    <Filter Include="Core\Controllers">
      <UniqueIdentifier>{f7078cd4-35c3-49c1-9020-3b51887552ef}</UniqueIdentifier>
    </Filter>
    <Filter Include="GameObjects\Characters">
      <UniqueIdentifier>{4bf0bcaa-2ad6-4acc-956d-3a1ce35dc194}</UniqueIdentifier>
    </Filter>
    <Filter Include="Core\Floor">
      <UniqueIdentifier>{2876b299-a92e-4e64-92f6-856c25303cf3}</UniqueIdentifier>
    </Filter>
  </ItemGroup>
  <ItemGroup>
    <ClInclude Include="Src\Core\Engine.h">
      <Filter>Core</Filter>
    </ClInclude>
    <ClInclude Include="Src\Core\GameScene.h">
      <Filter>Core</Filter>
    </ClInclude>
    <ClInclude Include="Src\Core\Scene.h">
      <Filter>Core</Filter>
    </ClInclude>
    <ClInclude Include="Src\GameObjects\Game.h">
      <Filter>GameObjects</Filter>
    </ClInclude>
    <ClInclude Include="Src\GameObjects\GameObject.h">
      <Filter>GameObjects</Filter>
    </ClInclude>
    <ClInclude Include="Src\GameObjects\AddisionalTypes\Character.h">
      <Filter>GameObjects\AddisionalTypes</Filter>
    </ClInclude>
    <ClInclude Include="Src\GameObjects\AddisionalTypes\CharacterController.h">
      <Filter>GameObjects\AddisionalTypes</Filter>
    </ClInclude>
    <ClInclude Include="Src\GameObjects\AddisionalTypes\Hitable.h">
      <Filter>GameObjects\AddisionalTypes</Filter>
    </ClInclude>
    <ClInclude Include="Src\GameObjects\AddisionalTypes\Collider\Collider.h">
      <Filter>GameObjects\AddisionalTypes\Colliders</Filter>
    </ClInclude>
    <ClInclude Include="Src\GameObjects\AddisionalTypes\Collider\CollisionElement.h">
      <Filter>GameObjects\AddisionalTypes\Colliders</Filter>
    </ClInclude>
    <ClInclude Include="Src\GameObjects\AddisionalTypes\Collider\CollisionElementBox.h">
      <Filter>GameObjects\AddisionalTypes\Colliders</Filter>
    </ClInclude>
    <ClInclude Include="Src\GameObjects\AddisionalTypes\Collider\CollisionElementCircle.h">
      <Filter>GameObjects\AddisionalTypes\Colliders</Filter>
    </ClInclude>
    <ClInclude Include="Src\GameObjects\AddisionalTypes\Collider\CollisionElementLines.h">
      <Filter>GameObjects\AddisionalTypes\Colliders</Filter>
    </ClInclude>
    <ClInclude Include="Src\Core\Controller.h">
      <Filter>Core\Controllers</Filter>
    </ClInclude>
    <ClInclude Include="Src\Core\GamePadController.h">
      <Filter>Core\Controllers</Filter>
    </ClInclude>
    <ClInclude Include="Src\Core\KeyBoardController.h">
      <Filter>Core\Controllers</Filter>
    </ClInclude>
    <ClInclude Include="Src\Core\AIController.h">
      <Filter>Core\Controllers</Filter>
    </ClInclude>
    <ClInclude Include="Src\GameObjects\Characters\Wolf.h">
      <Filter>GameObjects\Characters</Filter>
    </ClInclude>
    <ClInclude Include="Src\GameObjects\Characters\Enemy.h">
      <Filter>GameObjects\Characters</Filter>
    </ClInclude>
    <ClInclude Include="Src\GameObjects\Characters\Player.h">
      <Filter>GameObjects\Characters</Filter>
    </ClInclude>
    <ClInclude Include="Src\GameObjects\Characters\Wall.h">
      <Filter>GameObjects\Characters</Filter>
    </ClInclude>
    <ClInclude Include="Src\Font.h" />
    <ClInclude Include="Src\GameObjects\ParticleText.h">
      <Filter>GameObjects\Characters</Filter>
    </ClInclude>
    <ClInclude Include="Src\Core\QuadTree.h">
      <Filter>Core</Filter>
    </ClInclude>
    <ClInclude Include="Src\Core\WaveCollapsFun.h">
      <Filter>Core</Filter>
    </ClInclude>
    <ClInclude Include="Src\Core\Floor\Floor.h">
      <Filter>Core\Floor</Filter>
    </ClInclude>
    <ClInclude Include="Src\Core\Floor\Room.h">
      <Filter>Core\Floor</Filter>
    </ClInclude>
    <ClInclude Include="Src\Core\Floor\RoomElements.h">
      <Filter>Core\Floor</Filter>
    </ClInclude>
    <ClInclude Include="Src\Core\RoomEdytor.h">
      <Filter>Core</Filter>
    </ClInclude>
  </ItemGroup>
  <ItemGroup>
    <ClCompile Include="Src\Core\Engine.cpp">
      <Filter>Core</Filter>
    </ClCompile>
    <ClCompile Include="Src\Core\GameScene.cpp">
      <Filter>Core</Filter>
    </ClCompile>
    <ClCompile Include="Src\GameObjects\Game.cpp">
      <Filter>GameObjects</Filter>
    </ClCompile>
    <ClCompile Include="Src\GameObjects\AddisionalTypes\CharacterController.cpp">
      <Filter>GameObjects\AddisionalTypes</Filter>
    </ClCompile>
    <ClCompile Include="Src\GameObjects\AddisionalTypes\Collider\Collider.cpp">
      <Filter>GameObjects\AddisionalTypes\Colliders</Filter>
    </ClCompile>
    <ClCompile Include="Src\GameObjects\AddisionalTypes\Collider\CollisionElement.cpp">
      <Filter>GameObjects\AddisionalTypes\Colliders</Filter>
    </ClCompile>
    <ClCompile Include="Src\GameObjects\AddisionalTypes\Collider\CollisionElementBox.cpp">
      <Filter>GameObjects\AddisionalTypes\Colliders</Filter>
    </ClCompile>
    <ClCompile Include="Src\GameObjects\AddisionalTypes\Collider\CollisionElementCircle.cpp">
      <Filter>GameObjects\AddisionalTypes\Colliders</Filter>
    </ClCompile>
    <ClCompile Include="Src\GameObjects\AddisionalTypes\Collider\CollisionElementLines.cpp">
      <Filter>GameObjects\AddisionalTypes\Colliders</Filter>
    </ClCompile>
    <ClCompile Include="Src\main.cpp" />
    <ClCompile Include="Src\Core\GamePadController.cpp">
      <Filter>Core\Controllers</Filter>
    </ClCompile>
    <ClCompile Include="Src\Core\KeyBoardController.cpp">
      <Filter>Core\Controllers</Filter>
    </ClCompile>
    <ClCompile Include="Src\Core\AIController.cpp">
      <Filter>Core\Controllers</Filter>
    </ClCompile>
    <ClCompile Include="Src\GameObjects\AddisionalTypes\Character.cpp">
      <Filter>GameObjects\AddisionalTypes</Filter>
    </ClCompile>
    <ClCompile Include="Src\GameObjects\AddisionalTypes\Hitable.cpp">
      <Filter>GameObjects\AddisionalTypes</Filter>
    </ClCompile>
    <ClCompile Include="Src\GameObjects\Characters\Wolf.cpp">
      <Filter>GameObjects\Characters</Filter>
    </ClCompile>
    <ClCompile Include="Src\GameObjects\Characters\Enemy.cpp">
      <Filter>GameObjects\Characters</Filter>
    </ClCompile>
    <ClCompile Include="Src\GameObjects\Characters\Player.cpp">
      <Filter>GameObjects\Characters</Filter>
    </ClCompile>
    <ClCompile Include="Src\GameObjects\Characters\Wall.cpp">
      <Filter>GameObjects\Characters</Filter>
    </ClCompile>
    <ClCompile Include="Src\Font.cpp" />
    <ClCompile Include="Src\GameObjects\ParticleText.cpp">
      <Filter>GameObjects\Characters</Filter>
    </ClCompile>
    <ClCompile Include="Src\Core\QuadTree.cpp">
      <Filter>Core</Filter>
    </ClCompile>
    <ClCompile Include="Src\Core\WaveCollapsFun.cpp">
      <Filter>Core</Filter>
    </ClCompile>
    <ClCompile Include="Src\Core\Floor\Floor.cpp">
      <Filter>Core\Floor</Filter>
    </ClCompile>
    <ClCompile Include="Src\Core\Floor\Room.cpp">
      <Filter>Core\Floor</Filter>
    </ClCompile>
    <ClCompile Include="Src\Core\Floor\RoomElements.cpp">
      <Filter>Core\Floor</Filter>
    </ClCompile>
    <ClCompile Include="Src\Core\RoomEdytor.cpp">
      <Filter>Core</Filter>
    </ClCompile>
  </ItemGroup>
  <ItemGroup>
    <None Include="packages.config" />
  </ItemGroup>
</Project>